
Microsoft Visual Studio Solution File, Format Version 10.00
# Visual Studio 2008
Project("{8BC9CEB8-8B4A-11D0-8D11-00A0C91BC942}") = "core", "core\core.vcproj", "{17CD50DF-6882-4256-BDFC-D91340A16947}"
EndProject
Project("{8BC9CEB8-8B4A-11D0-8D11-00A0C91BC942}") = "console", "console\console.vcproj", "{8F6CF423-2B45-4858-903F-A6D42E457B16}"
	ProjectSection(ProjectDependencies) = postProject
		{17CD50DF-6882-4256-BDFC-D91340A16947} = {17CD50DF-6882-4256-BDFC-D91340A16947}
	EndProjectSection
EndProject
Project("{8BC9CEB8-8B4A-11D0-8D11-00A0C91BC942}") = "mtDll", "mtDll\mtDll.vcproj", "{B09DA60F-17C0-4874-AEB1-A0996CF4C504}"
	ProjectSection(ProjectDependencies) = postProject
		{17CD50DF-6882-4256-BDFC-D91340A16947} = {17CD50DF-6882-4256-BDFC-D91340A16947}
	EndProjectSection
EndProject
Global
	GlobalSection(SolutionConfigurationPlatforms) = preSolution
		Debug|Win32 = Debug|Win32
		Debug|x64 = Debug|x64
		Release|Win32 = Release|Win32
		Release|x64 = Release|x64
		ReleaseNoOpt|Win32 = ReleaseNoOpt|Win32
		ReleaseNoOpt|x64 = ReleaseNoOpt|x64
	EndGlobalSection
	GlobalSection(ProjectConfigurationPlatforms) = postSolution
		{17CD50DF-6882-4256-BDFC-D91340A16947}.Debug|Win32.ActiveCfg = Debug|Win32
		{17CD50DF-6882-4256-BDFC-D91340A16947}.Debug|Win32.Build.0 = Debug|Win32
		{17CD50DF-6882-4256-BDFC-D91340A16947}.Debug|x64.ActiveCfg = Debug|x64
		{17CD50DF-6882-4256-BDFC-D91340A16947}.Debug|x64.Build.0 = Debug|x64
		{17CD50DF-6882-4256-BDFC-D91340A16947}.Release|Win32.ActiveCfg = Release|Win32
		{17CD50DF-6882-4256-BDFC-D91340A16947}.Release|Win32.Build.0 = Release|Win32
		{17CD50DF-6882-4256-BDFC-D91340A16947}.Release|x64.ActiveCfg = Release|x64
		{17CD50DF-6882-4256-BDFC-D91340A16947}.Release|x64.Build.0 = Release|x64
		{17CD50DF-6882-4256-BDFC-D91340A16947}.ReleaseNoOpt|Win32.ActiveCfg = ReleaseNoOpt|Win32
		{17CD50DF-6882-4256-BDFC-D91340A16947}.ReleaseNoOpt|Win32.Build.0 = ReleaseNoOpt|Win32
		{17CD50DF-6882-4256-BDFC-D91340A16947}.ReleaseNoOpt|x64.ActiveCfg = ReleaseNoOpt|x64
		{17CD50DF-6882-4256-BDFC-D91340A16947}.ReleaseNoOpt|x64.Build.0 = ReleaseNoOpt|x64
		{8F6CF423-2B45-4858-903F-A6D42E457B16}.Debug|Win32.ActiveCfg = Debug|Win32
		{8F6CF423-2B45-4858-903F-A6D42E457B16}.Debug|Win32.Build.0 = Debug|Win32
		{8F6CF423-2B45-4858-903F-A6D42E457B16}.Debug|x64.ActiveCfg = Debug|x64
		{8F6CF423-2B45-4858-903F-A6D42E457B16}.Debug|x64.Build.0 = Debug|x64
		{8F6CF423-2B45-4858-903F-A6D42E457B16}.Release|Win32.ActiveCfg = Release|Win32
		{8F6CF423-2B45-4858-903F-A6D42E457B16}.Release|Win32.Build.0 = Release|Win32
		{8F6CF423-2B45-4858-903F-A6D42E457B16}.Release|x64.ActiveCfg = Release|x64
		{8F6CF423-2B45-4858-903F-A6D42E457B16}.Release|x64.Build.0 = Release|x64
		{8F6CF423-2B45-4858-903F-A6D42E457B16}.ReleaseNoOpt|Win32.ActiveCfg = ReleaseNoOpt|Win32
		{8F6CF423-2B45-4858-903F-A6D42E457B16}.ReleaseNoOpt|Win32.Build.0 = ReleaseNoOpt|Win32
		{8F6CF423-2B45-4858-903F-A6D42E457B16}.ReleaseNoOpt|x64.ActiveCfg = ReleaseNoOpt|x64
		{8F6CF423-2B45-4858-903F-A6D42E457B16}.ReleaseNoOpt|x64.Build.0 = ReleaseNoOpt|x64
		{B09DA60F-17C0-4874-AEB1-A0996CF4C504}.Debug|Win32.ActiveCfg = Debug|Win32
		{B09DA60F-17C0-4874-AEB1-A0996CF4C504}.Debug|x64.ActiveCfg = Debug|x64
		{B09DA60F-17C0-4874-AEB1-A0996CF4C504}.Release|Win32.ActiveCfg = Release|Win32
		{B09DA60F-17C0-4874-AEB1-A0996CF4C504}.Release|x64.ActiveCfg = Release|x64
		{B09DA60F-17C0-4874-AEB1-A0996CF4C504}.ReleaseNoOpt|Win32.ActiveCfg = Release|Win32
		{B09DA60F-17C0-4874-AEB1-A0996CF4C504}.ReleaseNoOpt|x64.ActiveCfg = Release|x64
		{B09DA60F-17C0-4874-AEB1-A0996CF4C504}.ReleaseNoOpt|x64.Build.0 = Release|x64
	EndGlobalSection
	GlobalSection(SolutionProperties) = preSolution
		HideSolutionNode = FALSE
	EndGlobalSection
EndGlobal
